PODS:
  - Flutter (1.0.0)
  - openrouter (0.0.1):
    - Flutter

DEPENDENCIES:
  - Flutter (from `Flutter`)
  - openrouter (from `.symlinks/plugins/openrouter/ios`)

EXTERNAL SOURCES:
  Flutter:
    :path: Flutter
  openrouter:
    :path: ".symlinks/plugins/openrouter/ios"

SPEC CHECKSUMS:
  Flutter: cabc95a1d2626b1b06e7179b784ebcf0c0cde467
  openrouter: 663a0b25543093bf7823d0fc58ccbaa4f752303f

PODFILE CHECKSUM: 3c63482e143d1b91d2d2560aee9fb04ecc74ac7e

COCOAPODS: 1.16.2
